
Microsoft Visual Studio Solution File, Format Version 12.00
# Visual Studio 15
VisualStudioVersion = 15.0.28010.2003
MinimumVisualStudioVersion = 10.0.40219.1
Project("{FAE04EC0-301F-11D3-BF4B-00C04F79EFBC}") = "modulo 5 tarea 3", "modulo 5 tarea 3\modulo 5 tarea 3.csproj", "{D2426D20-7C04-4FA6-8AB9-49F722FF91E1}"
EndProject
Global
	GlobalSection(SolutionConfigurationPlatforms) = preSolution
		Debug|Any CPU = Debug|Any CPU
		Release|Any CPU = Release|Any CPU
	EndGlobalSection
	GlobalSection(ProjectConfigurationPlatforms) = postSolution
		{D2426D20-7C04-4FA6-8AB9-49F722FF91E1}.Debug|Any CPU.ActiveCfg = Debug|Any CPU
		{D2426D20-7C04-4FA6-8AB9-49F722FF91E1}.Debug|Any CPU.Build.0 = Debug|Any CPU
		{D2426D20-7C04-4FA6-8AB9-49F722FF91E1}.Release|Any CPU.ActiveCfg = Release|Any CPU
		{D2426D20-7C04-4FA6-8AB9-49F722FF91E1}.Release|Any CPU.Build.0 = Release|Any CPU
	EndGlobalSection
	GlobalSection(SolutionProperties) = preSolution
		HideSolutionNode = FALSE
	EndGlobalSection
	GlobalSection(ExtensibilityGlobals) = postSolution
		SolutionGuid = {80EE30AD-4D20-4CCC-BA7A-09A2DE632F5A}
	EndGlobalSection
EndGlobal
