
Microsoft Visual Studio Solution File, Format Version 12.00
# Visual Studio 15
VisualStudioVersion = 15.0.28010.2003
MinimumVisualStudioVersion = 10.0.40219.1
Project("{FAE04EC0-301F-11D3-BF4B-00C04F79EFBC}") = "modulo5 tarea 4", "modulo5 tarea 4\modulo5 tarea 4.csproj", "{944701FE-224A-4C9B-ACA3-0F2053BD3979}"
EndProject
Global
	GlobalSection(SolutionConfigurationPlatforms) = preSolution
		Debug|Any CPU = Debug|Any CPU
		Release|Any CPU = Release|Any CPU
	EndGlobalSection
	GlobalSection(ProjectConfigurationPlatforms) = postSolution
		{944701FE-224A-4C9B-ACA3-0F2053BD3979}.Debug|Any CPU.ActiveCfg = Debug|Any CPU
		{944701FE-224A-4C9B-ACA3-0F2053BD3979}.Debug|Any CPU.Build.0 = Debug|Any CPU
		{944701FE-224A-4C9B-ACA3-0F2053BD3979}.Release|Any CPU.ActiveCfg = Release|Any CPU
		{944701FE-224A-4C9B-ACA3-0F2053BD3979}.Release|Any CPU.Build.0 = Release|Any CPU
	EndGlobalSection
	GlobalSection(SolutionProperties) = preSolution
		HideSolutionNode = FALSE
	EndGlobalSection
	GlobalSection(ExtensibilityGlobals) = postSolution
		SolutionGuid = {AF724B3E-9714-45CF-AD89-D0C759F24D16}
	EndGlobalSection
EndGlobal
